Microsoft Visual Studio Solution File, Format Version 12.00
# Visual Studio 2012
Project("{FAE04EC0-301F-11D3-BF4B-00C04F79EFBC}") = "CIS350_Godot-game", "CIS350_Godot-game.csproj", "{7D7D0A80-6BB3-4A26-82FF-C8B9484EE24F}"
EndProject
Global
	GlobalSection(SolutionConfigurationPlatforms) = preSolution
	Debug|Any CPU = Debug|Any CPU
	ExportDebug|Any CPU = ExportDebug|Any CPU
	ExportRelease|Any CPU = ExportRelease|Any CPU
	EndGlobalSection
	GlobalSection(ProjectConfigurationPlatforms) = postSolution
		{7D7D0A80-6BB3-4A26-82FF-C8B9484EE24F}.Debug|Any CPU.ActiveCfg = Debug|Any CPU
		{7D7D0A80-6BB3-4A26-82FF-C8B9484EE24F}.Debug|Any CPU.Build.0 = Debug|Any CPU
		{7D7D0A80-6BB3-4A26-82FF-C8B9484EE24F}.ExportDebug|Any CPU.ActiveCfg = ExportDebug|Any CPU
		{7D7D0A80-6BB3-4A26-82FF-C8B9484EE24F}.ExportDebug|Any CPU.Build.0 = ExportDebug|Any CPU
		{7D7D0A80-6BB3-4A26-82FF-C8B9484EE24F}.ExportRelease|Any CPU.ActiveCfg = ExportRelease|Any CPU
		{7D7D0A80-6BB3-4A26-82FF-C8B9484EE24F}.ExportRelease|Any CPU.Build.0 = ExportRelease|Any CPU
	EndGlobalSection
EndGlobal
